{
  "lockfileVersion": 1,
  "configVersion": 1,
  "workspaces": {
    "": {
      "name": "slide-creator-omml",
      "dependencies": {
        "mathml2omml": "^0.5.0",
      },
    },
  },
  "packages": {
    "mathml2omml": ["mathml2omml@0.5.0", "", {}, "sha512-4eLs37a+TH+CL/M5XZZrlc75SNRJNPiZzIaeSSvH0UFCRaCdSYRHWvrlA7MUbeQks/z4sVhfg+GlcZhVVUHzqg=="],
  }
}
